
Microsoft Visual Studio Solution File, Format Version 12.00
# Visual Studio Version 17
VisualStudioVersion = 17.11.35327.3
MinimumVisualStudioVersion = 10.0.40219.1
Project("{FAE04EC0-301F-11D3-BF4B-00C04F79EFBC}") = "RequestManagementAPI", "RequestManagementAPI\RequestManagementAPI.csproj", "{3C2F05E2-7C8D-4C58-8983-42E3E652245B}"
EndProject
Global
	GlobalSection(SolutionConfigurationPlatforms) = preSolution
		Debug|Any CPU = Debug|Any CPU
		Release|Any CPU = Release|Any CPU
	EndGlobalSection
	GlobalSection(ProjectConfigurationPlatforms) = postSolution
		{3C2F05E2-7C8D-4C58-8983-42E3E652245B}.Debug|Any CPU.ActiveCfg = Debug|Any CPU
		{3C2F05E2-7C8D-4C58-8983-42E3E652245B}.Debug|Any CPU.Build.0 = Debug|Any CPU
		{3C2F05E2-7C8D-4C58-8983-42E3E652245B}.Release|Any CPU.ActiveCfg = Release|Any CPU
		{3C2F05E2-7C8D-4C58-8983-42E3E652245B}.Release|Any CPU.Build.0 = Release|Any CPU
	EndGlobalSection
	GlobalSection(SolutionProperties) = preSolution
		HideSolutionNode = FALSE
	EndGlobalSection
	GlobalSection(ExtensibilityGlobals) = postSolution
		SolutionGuid = {CEB00630-3BE9-4249-AB84-6A9C3EFCA8FA}
	EndGlobalSection
EndGlobal
